
Microsoft Visual Studio Solution File, Format Version 12.00
# Visual Studio 15
VisualStudioVersion = 15.0.28307.779
MinimumVisualStudioVersion = 10.0.40219.1
Project("{8BC9CEB8-8B4A-11D0-8D11-00A0C91BC942}") = "编程练习09-15", "编程练习09-15\编程练习09-15.vcxproj", "{A16B3CFA-2FAA-4C5A-84AE-9B183BC4AB7F}"
EndProject
Global
	GlobalSection(SolutionConfigurationPlatforms) = preSolution
		Debug|x64 = Debug|x64
		Debug|x86 = Debug|x86
		Release|x64 = Release|x64
		Release|x86 = Release|x86
	EndGlobalSection
	GlobalSection(ProjectConfigurationPlatforms) = postSolution
		{A16B3CFA-2FAA-4C5A-84AE-9B183BC4AB7F}.Debug|x64.ActiveCfg = Debug|x64
		{A16B3CFA-2FAA-4C5A-84AE-9B183BC4AB7F}.Debug|x64.Build.0 = Debug|x64
		{A16B3CFA-2FAA-4C5A-84AE-9B183BC4AB7F}.Debug|x86.ActiveCfg = Debug|Win32
		{A16B3CFA-2FAA-4C5A-84AE-9B183BC4AB7F}.Debug|x86.Build.0 = Debug|Win32
		{A16B3CFA-2FAA-4C5A-84AE-9B183BC4AB7F}.Release|x64.ActiveCfg = Release|x64
		{A16B3CFA-2FAA-4C5A-84AE-9B183BC4AB7F}.Release|x64.Build.0 = Release|x64
		{A16B3CFA-2FAA-4C5A-84AE-9B183BC4AB7F}.Release|x86.ActiveCfg = Release|Win32
		{A16B3CFA-2FAA-4C5A-84AE-9B183BC4AB7F}.Release|x86.Build.0 = Release|Win32
	EndGlobalSection
	GlobalSection(SolutionProperties) = preSolution
		HideSolutionNode = FALSE
	EndGlobalSection
	GlobalSection(ExtensibilityGlobals) = postSolution
		SolutionGuid = {1B049A89-B601-4138-AD71-86BA8DA84AE1}
	EndGlobalSection
EndGlobal
