
Microsoft Visual Studio Solution File, Format Version 12.00
# Visual Studio 15
VisualStudioVersion = 15.0.28307.902
MinimumVisualStudioVersion = 10.0.40219.1
Project("{8BC9CEB8-8B4A-11D0-8D11-00A0C91BC942}") = "2019-12-06", "2019-12-06\2019-12-06.vcxproj", "{12BA3625-EEF7-496C-AB59-C3088C936622}"
EndProject
Global
	GlobalSection(SolutionConfigurationPlatforms) = preSolution
		Debug|x64 = Debug|x64
		Debug|x86 = Debug|x86
		Release|x64 = Release|x64
		Release|x86 = Release|x86
	EndGlobalSection
	GlobalSection(ProjectConfigurationPlatforms) = postSolution
		{12BA3625-EEF7-496C-AB59-C3088C936622}.Debug|x64.ActiveCfg = Debug|x64
		{12BA3625-EEF7-496C-AB59-C3088C936622}.Debug|x64.Build.0 = Debug|x64
		{12BA3625-EEF7-496C-AB59-C3088C936622}.Debug|x86.ActiveCfg = Debug|Win32
		{12BA3625-EEF7-496C-AB59-C3088C936622}.Debug|x86.Build.0 = Debug|Win32
		{12BA3625-EEF7-496C-AB59-C3088C936622}.Release|x64.ActiveCfg = Release|x64
		{12BA3625-EEF7-496C-AB59-C3088C936622}.Release|x64.Build.0 = Release|x64
		{12BA3625-EEF7-496C-AB59-C3088C936622}.Release|x86.ActiveCfg = Release|Win32
		{12BA3625-EEF7-496C-AB59-C3088C936622}.Release|x86.Build.0 = Release|Win32
	EndGlobalSection
	GlobalSection(SolutionProperties) = preSolution
		HideSolutionNode = FALSE
	EndGlobalSection
	GlobalSection(ExtensibilityGlobals) = postSolution
		SolutionGuid = {5F2B4FE8-183F-4DC9-A441-D586B64D0A39}
	EndGlobalSection
EndGlobal
