
Microsoft Visual Studio Solution File, Format Version 12.00
# Visual Studio 15
VisualStudioVersion = 15.0.28307.779
MinimumVisualStudioVersion = 10.0.40219.1
Project("{8BC9CEB8-8B4A-11D0-8D11-00A0C91BC942}") = "2019-11-12", "2019-11-12\2019-11-12.vcxproj", "{D8DE2E53-C695-4425-9FD7-0FDA9B68B491}"
EndProject
Global
	GlobalSection(SolutionConfigurationPlatforms) = preSolution
		Debug|x64 = Debug|x64
		Debug|x86 = Debug|x86
		Release|x64 = Release|x64
		Release|x86 = Release|x86
	EndGlobalSection
	GlobalSection(ProjectConfigurationPlatforms) = postSolution
		{D8DE2E53-C695-4425-9FD7-0FDA9B68B491}.Debug|x64.ActiveCfg = Debug|x64
		{D8DE2E53-C695-4425-9FD7-0FDA9B68B491}.Debug|x64.Build.0 = Debug|x64
		{D8DE2E53-C695-4425-9FD7-0FDA9B68B491}.Debug|x86.ActiveCfg = Debug|Win32
		{D8DE2E53-C695-4425-9FD7-0FDA9B68B491}.Debug|x86.Build.0 = Debug|Win32
		{D8DE2E53-C695-4425-9FD7-0FDA9B68B491}.Release|x64.ActiveCfg = Release|x64
		{D8DE2E53-C695-4425-9FD7-0FDA9B68B491}.Release|x64.Build.0 = Release|x64
		{D8DE2E53-C695-4425-9FD7-0FDA9B68B491}.Release|x86.ActiveCfg = Release|Win32
		{D8DE2E53-C695-4425-9FD7-0FDA9B68B491}.Release|x86.Build.0 = Release|Win32
	EndGlobalSection
	GlobalSection(SolutionProperties) = preSolution
		HideSolutionNode = FALSE
	EndGlobalSection
	GlobalSection(ExtensibilityGlobals) = postSolution
		SolutionGuid = {7ABBF26C-AEA6-468B-99EC-1F4394B2ABAA}
	EndGlobalSection
EndGlobal
