
Microsoft Visual Studio Solution File, Format Version 12.00
# Visual Studio 15
VisualStudioVersion = 15.0.28307.779
MinimumVisualStudioVersion = 10.0.40219.1
Project("{8BC9CEB8-8B4A-11D0-8D11-00A0C91BC942}") = "2019-11-1list", "2019-11-1list\2019-11-1list.vcxproj", "{9B8CBCBE-93A2-428B-8AB5-F7AB7F7AA2A7}"
EndProject
Global
	GlobalSection(SolutionConfigurationPlatforms) = preSolution
		Debug|x64 = Debug|x64
		Debug|x86 = Debug|x86
		Release|x64 = Release|x64
		Release|x86 = Release|x86
	EndGlobalSection
	GlobalSection(ProjectConfigurationPlatforms) = postSolution
		{9B8CBCBE-93A2-428B-8AB5-F7AB7F7AA2A7}.Debug|x64.ActiveCfg = Debug|x64
		{9B8CBCBE-93A2-428B-8AB5-F7AB7F7AA2A7}.Debug|x64.Build.0 = Debug|x64
		{9B8CBCBE-93A2-428B-8AB5-F7AB7F7AA2A7}.Debug|x86.ActiveCfg = Debug|Win32
		{9B8CBCBE-93A2-428B-8AB5-F7AB7F7AA2A7}.Debug|x86.Build.0 = Debug|Win32
		{9B8CBCBE-93A2-428B-8AB5-F7AB7F7AA2A7}.Release|x64.ActiveCfg = Release|x64
		{9B8CBCBE-93A2-428B-8AB5-F7AB7F7AA2A7}.Release|x64.Build.0 = Release|x64
		{9B8CBCBE-93A2-428B-8AB5-F7AB7F7AA2A7}.Release|x86.ActiveCfg = Release|Win32
		{9B8CBCBE-93A2-428B-8AB5-F7AB7F7AA2A7}.Release|x86.Build.0 = Release|Win32
	EndGlobalSection
	GlobalSection(SolutionProperties) = preSolution
		HideSolutionNode = FALSE
	EndGlobalSection
	GlobalSection(ExtensibilityGlobals) = postSolution
		SolutionGuid = {49473B41-98FC-4328-A517-176AD18855E0}
	EndGlobalSection
EndGlobal
