
Microsoft Visual Studio Solution File, Format Version 12.00
# Visual Studio 15
VisualStudioVersion = 15.0.28307.902
MinimumVisualStudioVersion = 10.0.40219.1
Project("{8BC9CEB8-8B4A-11D0-8D11-00A0C91BC942}") = "2019-12-26", "2019-12-26\2019-12-26.vcxproj", "{F5A982F4-D5F9-4887-B5B6-1198A4E4D03D}"
EndProject
Global
	GlobalSection(SolutionConfigurationPlatforms) = preSolution
		Debug|x64 = Debug|x64
		Debug|x86 = Debug|x86
		Release|x64 = Release|x64
		Release|x86 = Release|x86
	EndGlobalSection
	GlobalSection(ProjectConfigurationPlatforms) = postSolution
		{F5A982F4-D5F9-4887-B5B6-1198A4E4D03D}.Debug|x64.ActiveCfg = Debug|x64
		{F5A982F4-D5F9-4887-B5B6-1198A4E4D03D}.Debug|x64.Build.0 = Debug|x64
		{F5A982F4-D5F9-4887-B5B6-1198A4E4D03D}.Debug|x86.ActiveCfg = Debug|Win32
		{F5A982F4-D5F9-4887-B5B6-1198A4E4D03D}.Debug|x86.Build.0 = Debug|Win32
		{F5A982F4-D5F9-4887-B5B6-1198A4E4D03D}.Release|x64.ActiveCfg = Release|x64
		{F5A982F4-D5F9-4887-B5B6-1198A4E4D03D}.Release|x64.Build.0 = Release|x64
		{F5A982F4-D5F9-4887-B5B6-1198A4E4D03D}.Release|x86.ActiveCfg = Release|Win32
		{F5A982F4-D5F9-4887-B5B6-1198A4E4D03D}.Release|x86.Build.0 = Release|Win32
	EndGlobalSection
	GlobalSection(SolutionProperties) = preSolution
		HideSolutionNode = FALSE
	EndGlobalSection
	GlobalSection(ExtensibilityGlobals) = postSolution
		SolutionGuid = {5B0D88F8-8F26-4CE8-8A57-40061CD7A628}
	EndGlobalSection
EndGlobal
