
Microsoft Visual Studio Solution File, Format Version 12.00
# Visual Studio 15
VisualStudioVersion = 15.0.28307.902
MinimumVisualStudioVersion = 10.0.40219.1
Project("{8BC9CEB8-8B4A-11D0-8D11-00A0C91BC942}") = "2019-11-20", "2019-11-20\2019-11-20.vcxproj", "{DC1D3B3F-96A0-48B9-A11C-599A022C4CB7}"
EndProject
Global
	GlobalSection(SolutionConfigurationPlatforms) = preSolution
		Debug|x64 = Debug|x64
		Debug|x86 = Debug|x86
		Release|x64 = Release|x64
		Release|x86 = Release|x86
	EndGlobalSection
	GlobalSection(ProjectConfigurationPlatforms) = postSolution
		{DC1D3B3F-96A0-48B9-A11C-599A022C4CB7}.Debug|x64.ActiveCfg = Debug|x64
		{DC1D3B3F-96A0-48B9-A11C-599A022C4CB7}.Debug|x64.Build.0 = Debug|x64
		{DC1D3B3F-96A0-48B9-A11C-599A022C4CB7}.Debug|x86.ActiveCfg = Debug|Win32
		{DC1D3B3F-96A0-48B9-A11C-599A022C4CB7}.Debug|x86.Build.0 = Debug|Win32
		{DC1D3B3F-96A0-48B9-A11C-599A022C4CB7}.Release|x64.ActiveCfg = Release|x64
		{DC1D3B3F-96A0-48B9-A11C-599A022C4CB7}.Release|x64.Build.0 = Release|x64
		{DC1D3B3F-96A0-48B9-A11C-599A022C4CB7}.Release|x86.ActiveCfg = Release|Win32
		{DC1D3B3F-96A0-48B9-A11C-599A022C4CB7}.Release|x86.Build.0 = Release|Win32
	EndGlobalSection
	GlobalSection(SolutionProperties) = preSolution
		HideSolutionNode = FALSE
	EndGlobalSection
	GlobalSection(ExtensibilityGlobals) = postSolution
		SolutionGuid = {74B17CC2-ED0E-4F45-86DC-AD0100A65CE3}
	EndGlobalSection
EndGlobal
