
Microsoft Visual Studio Solution File, Format Version 12.00
# Visual Studio 15
VisualStudioVersion = 15.0.28307.779
MinimumVisualStudioVersion = 10.0.40219.1
Project("{8BC9CEB8-8B4A-11D0-8D11-00A0C91BC942}") = "2019-11-13", "2019-11-13\2019-11-13.vcxproj", "{635F1CB8-57CC-437D-A2E2-B197E2E3075F}"
EndProject
Global
	GlobalSection(SolutionConfigurationPlatforms) = preSolution
		Debug|x64 = Debug|x64
		Debug|x86 = Debug|x86
		Release|x64 = Release|x64
		Release|x86 = Release|x86
	EndGlobalSection
	GlobalSection(ProjectConfigurationPlatforms) = postSolution
		{635F1CB8-57CC-437D-A2E2-B197E2E3075F}.Debug|x64.ActiveCfg = Debug|x64
		{635F1CB8-57CC-437D-A2E2-B197E2E3075F}.Debug|x64.Build.0 = Debug|x64
		{635F1CB8-57CC-437D-A2E2-B197E2E3075F}.Debug|x86.ActiveCfg = Debug|Win32
		{635F1CB8-57CC-437D-A2E2-B197E2E3075F}.Debug|x86.Build.0 = Debug|Win32
		{635F1CB8-57CC-437D-A2E2-B197E2E3075F}.Release|x64.ActiveCfg = Release|x64
		{635F1CB8-57CC-437D-A2E2-B197E2E3075F}.Release|x64.Build.0 = Release|x64
		{635F1CB8-57CC-437D-A2E2-B197E2E3075F}.Release|x86.ActiveCfg = Release|Win32
		{635F1CB8-57CC-437D-A2E2-B197E2E3075F}.Release|x86.Build.0 = Release|Win32
	EndGlobalSection
	GlobalSection(SolutionProperties) = preSolution
		HideSolutionNode = FALSE
	EndGlobalSection
	GlobalSection(ExtensibilityGlobals) = postSolution
		SolutionGuid = {7D37CE74-C113-4C35-9DEF-DEA5518807D8}
	EndGlobalSection
EndGlobal
