
Microsoft Visual Studio Solution File, Format Version 12.00
# Visual Studio 15
VisualStudioVersion = 15.0.28307.779
MinimumVisualStudioVersion = 10.0.40219.1
Project("{8BC9CEB8-8B4A-11D0-8D11-00A0C91BC942}") = "2010-10-23", "2010-10-23\2010-10-23.vcxproj", "{640CAD18-82B5-4E30-8665-844F14523C39}"
EndProject
Global
	GlobalSection(SolutionConfigurationPlatforms) = preSolution
		Debug|x64 = Debug|x64
		Debug|x86 = Debug|x86
		Release|x64 = Release|x64
		Release|x86 = Release|x86
	EndGlobalSection
	GlobalSection(ProjectConfigurationPlatforms) = postSolution
		{640CAD18-82B5-4E30-8665-844F14523C39}.Debug|x64.ActiveCfg = Debug|x64
		{640CAD18-82B5-4E30-8665-844F14523C39}.Debug|x64.Build.0 = Debug|x64
		{640CAD18-82B5-4E30-8665-844F14523C39}.Debug|x86.ActiveCfg = Debug|Win32
		{640CAD18-82B5-4E30-8665-844F14523C39}.Debug|x86.Build.0 = Debug|Win32
		{640CAD18-82B5-4E30-8665-844F14523C39}.Release|x64.ActiveCfg = Release|x64
		{640CAD18-82B5-4E30-8665-844F14523C39}.Release|x64.Build.0 = Release|x64
		{640CAD18-82B5-4E30-8665-844F14523C39}.Release|x86.ActiveCfg = Release|Win32
		{640CAD18-82B5-4E30-8665-844F14523C39}.Release|x86.Build.0 = Release|Win32
	EndGlobalSection
	GlobalSection(SolutionProperties) = preSolution
		HideSolutionNode = FALSE
	EndGlobalSection
	GlobalSection(ExtensibilityGlobals) = postSolution
		SolutionGuid = {0E146AF0-2804-43E7-97B7-2CA9E2682EC5}
	EndGlobalSection
EndGlobal
