
Microsoft Visual Studio Solution File, Format Version 12.00
# Visual Studio 15
VisualStudioVersion = 15.0.28307.779
MinimumVisualStudioVersion = 10.0.40219.1
Project("{8BC9CEB8-8B4A-11D0-8D11-00A0C91BC942}") = "2019-9-25", "2019-9-25\2019-9-25.vcxproj", "{578C00E6-B38F-4797-B825-5CD56A97A706}"
EndProject
Global
	GlobalSection(SolutionConfigurationPlatforms) = preSolution
		Debug|x64 = Debug|x64
		Debug|x86 = Debug|x86
		Release|x64 = Release|x64
		Release|x86 = Release|x86
	EndGlobalSection
	GlobalSection(ProjectConfigurationPlatforms) = postSolution
		{578C00E6-B38F-4797-B825-5CD56A97A706}.Debug|x64.ActiveCfg = Debug|x64
		{578C00E6-B38F-4797-B825-5CD56A97A706}.Debug|x64.Build.0 = Debug|x64
		{578C00E6-B38F-4797-B825-5CD56A97A706}.Debug|x86.ActiveCfg = Debug|Win32
		{578C00E6-B38F-4797-B825-5CD56A97A706}.Debug|x86.Build.0 = Debug|Win32
		{578C00E6-B38F-4797-B825-5CD56A97A706}.Release|x64.ActiveCfg = Release|x64
		{578C00E6-B38F-4797-B825-5CD56A97A706}.Release|x64.Build.0 = Release|x64
		{578C00E6-B38F-4797-B825-5CD56A97A706}.Release|x86.ActiveCfg = Release|Win32
		{578C00E6-B38F-4797-B825-5CD56A97A706}.Release|x86.Build.0 = Release|Win32
	EndGlobalSection
	GlobalSection(SolutionProperties) = preSolution
		HideSolutionNode = FALSE
	EndGlobalSection
	GlobalSection(ExtensibilityGlobals) = postSolution
		SolutionGuid = {FE7D56AC-8B9D-42DD-A2A9-06CBCC0DDE03}
	EndGlobalSection
EndGlobal
